
Microsoft Visual Studio Solution File, Format Version 12.00
# Visual Studio 2012
Project("{FAE04EC0-301F-11D3-BF4B-00C04F79EFBC}") = "QlikViewManagement", "QlikViewManagement\QlikViewManagement.csproj", "{FDF9937B-3786-4C7A-8B7E-59517D749431}"
EndProject
Project("{FAE04EC0-301F-11D3-BF4B-00C04F79EFBC}") = "QlikViewManagement.Client", "QlikViewManagement.Client\QlikViewManagement.Client.csproj", "{9FDDF30E-DE14-448F-A036-12E1AE08F0AB}"
EndProject
Project("{FAE04EC0-301F-11D3-BF4B-00C04F79EFBC}") = "qv-user-manager", "qv-user-manager\qv-user-manager.csproj", "{F0D42214-95EA-40B9-884C-BAFE1F1824A5}"
EndProject
Global
	GlobalSection(SolutionConfigurationPlatforms) = preSolution
		Debug|Any CPU = Debug|Any CPU
		Debug|x64 = Debug|x64
		Debug|x86 = Debug|x86
		Release|Any CPU = Release|Any CPU
		Release|x64 = Release|x64
		Release|x86 = Release|x86
	EndGlobalSection
	GlobalSection(ProjectConfigurationPlatforms) = postSolution
		{FDF9937B-3786-4C7A-8B7E-59517D749431}.Debug|Any CPU.ActiveCfg = Debug|Any CPU
		{FDF9937B-3786-4C7A-8B7E-59517D749431}.Debug|Any CPU.Build.0 = Debug|Any CPU
		{FDF9937B-3786-4C7A-8B7E-59517D749431}.Debug|x64.ActiveCfg = Debug|Any CPU
		{FDF9937B-3786-4C7A-8B7E-59517D749431}.Debug|x86.ActiveCfg = Debug|Any CPU
		{FDF9937B-3786-4C7A-8B7E-59517D749431}.Release|Any CPU.ActiveCfg = Release|Any CPU
		{FDF9937B-3786-4C7A-8B7E-59517D749431}.Release|Any CPU.Build.0 = Release|Any CPU
		{FDF9937B-3786-4C7A-8B7E-59517D749431}.Release|x64.ActiveCfg = Release|Any CPU
		{FDF9937B-3786-4C7A-8B7E-59517D749431}.Release|x86.ActiveCfg = Release|Any CPU
		{9FDDF30E-DE14-448F-A036-12E1AE08F0AB}.Debug|Any CPU.ActiveCfg = Debug|Any CPU
		{9FDDF30E-DE14-448F-A036-12E1AE08F0AB}.Debug|Any CPU.Build.0 = Debug|Any CPU
		{9FDDF30E-DE14-448F-A036-12E1AE08F0AB}.Debug|x64.ActiveCfg = Debug|Any CPU
		{9FDDF30E-DE14-448F-A036-12E1AE08F0AB}.Debug|x86.ActiveCfg = Debug|Any CPU
		{9FDDF30E-DE14-448F-A036-12E1AE08F0AB}.Release|Any CPU.ActiveCfg = Release|Any CPU
		{9FDDF30E-DE14-448F-A036-12E1AE08F0AB}.Release|Any CPU.Build.0 = Release|Any CPU
		{9FDDF30E-DE14-448F-A036-12E1AE08F0AB}.Release|x64.ActiveCfg = Release|Any CPU
		{9FDDF30E-DE14-448F-A036-12E1AE08F0AB}.Release|x86.ActiveCfg = Release|Any CPU
		{F0D42214-95EA-40B9-884C-BAFE1F1824A5}.Debug|Any CPU.ActiveCfg = Debug|Any CPU
		{F0D42214-95EA-40B9-884C-BAFE1F1824A5}.Debug|Any CPU.Build.0 = Debug|Any CPU
		{F0D42214-95EA-40B9-884C-BAFE1F1824A5}.Debug|x64.ActiveCfg = Debug|x64
		{F0D42214-95EA-40B9-884C-BAFE1F1824A5}.Debug|x64.Build.0 = Debug|x64
		{F0D42214-95EA-40B9-884C-BAFE1F1824A5}.Debug|x86.ActiveCfg = Debug|x86
		{F0D42214-95EA-40B9-884C-BAFE1F1824A5}.Debug|x86.Build.0 = Debug|x86
		{F0D42214-95EA-40B9-884C-BAFE1F1824A5}.Release|Any CPU.ActiveCfg = Release|Any CPU
		{F0D42214-95EA-40B9-884C-BAFE1F1824A5}.Release|Any CPU.Build.0 = Release|Any CPU
		{F0D42214-95EA-40B9-884C-BAFE1F1824A5}.Release|x64.ActiveCfg = Release|x64
		{F0D42214-95EA-40B9-884C-BAFE1F1824A5}.Release|x64.Build.0 = Release|x64
		{F0D42214-95EA-40B9-884C-BAFE1F1824A5}.Release|x86.ActiveCfg = Release|x86
		{F0D42214-95EA-40B9-884C-BAFE1F1824A5}.Release|x86.Build.0 = Release|x86
	EndGlobalSection
	GlobalSection(SolutionProperties) = preSolution
		HideSolutionNode = FALSE
	EndGlobalSection
EndGlobal
